// !$*UTF8*$!
{
	archiveVersion = 1;
	classes = {
	};
	objectVersion = 55;
	objects = {

/* Begin PBXBuildFile section */
		B33C6EF36E38A35AEDE15B89 /* Pods_BloggingApp.framework in Frameworks */ = {isa = PBXBuildFile; fileRef = CE0561F2B09DDD75BA7B71F6 /* Pods_BloggingApp.framework */; };
		DF02082B2774D15400A17D0C /* User.swift in Sources */ = {isa = PBXBuildFile; fileRef = DF02082A2774D15400A17D0C /* User.swift */; };
		DF02082D2774D16A00A17D0C /* BlogPost.swift in Sources */ = {isa = PBXBuildFile; fileRef = DF02082C2774D16A00A17D0C /* BlogPost.swift */; };
		DF6668922773342E00B70EAB /* AppDelegate.swift in Sources */ = {isa = PBXBuildFile; fileRef = DF6668912773342E00B70EAB /* AppDelegate.swift */; };
		DF6668942773342E00B70EAB /* SceneDelegate.swift in Sources */ = {isa = PBXBuildFile; fileRef = DF6668932773342E00B70EAB /* SceneDelegate.swift */; };
		DF6668962773342E00B70EAB /* HomeViewController.swift in Sources */ = {isa = PBXBuildFile; fileRef = DF6668952773342E00B70EAB /* HomeViewController.swift */; };
		DF66689B2773342E00B70EAB /* Assets.xcassets in Resources */ = {isa = PBXBuildFile; fileRef = DF66689A2773342E00B70EAB /* Assets.xcassets */; };
		DF66689E2773342E00B70EAB /* LaunchScreen.storyboard in Resources */ = {isa = PBXBuildFile; fileRef = DF66689C2773342E00B70EAB /* LaunchScreen.storyboard */; };
		DF6668AB27733AC000B70EAB /* ProfileViewController.swift in Sources */ = {isa = PBXBuildFile; fileRef = DF6668AA27733AC000B70EAB /* ProfileViewController.swift */; };
		DF6668AD27733B4500B70EAB /* TabBarViewController.swift in Sources */ = {isa = PBXBuildFile; fileRef = DF6668AC27733B4500B70EAB /* TabBarViewController.swift */; };
		DF6668AF27733BA700B70EAB /* LoginViewController.swift in Sources */ = {isa = PBXBuildFile; fileRef = DF6668AE27733BA700B70EAB /* LoginViewController.swift */; };
		DF6668B127733BB100B70EAB /* RegisterViewController.swift in Sources */ = {isa = PBXBuildFile; fileRef = DF6668B027733BB100B70EAB /* RegisterViewController.swift */; };
		DF6668B627733C3C00B70EAB /* ViewPostViewController.swift in Sources */ = {isa = PBXBuildFile; fileRef = DF6668B527733C3C00B70EAB /* ViewPostViewController.swift */; };
		DF6668B827733C5F00B70EAB /* CreateNewPostViewController.swift in Sources */ = {isa = PBXBuildFile; fileRef = DF6668B727733C5F00B70EAB /* CreateNewPostViewController.swift */; };
		DF6668BA27733CF600B70EAB /* IAPManager.swift in Sources */ = {isa = PBXBuildFile; fileRef = DF6668B927733CF600B70EAB /* IAPManager.swift */; };
		DF6668BC27733D1C00B70EAB /* DatabaseManager.swift in Sources */ = {isa = PBXBuildFile; fileRef = DF6668BB27733D1C00B70EAB /* DatabaseManager.swift */; };
		DF6668BE27733D3300B70EAB /* AuthManager.swift in Sources */ = {isa = PBXBuildFile; fileRef = DF6668BD27733D3300B70EAB /* AuthManager.swift */; };
		DF6668C027733D4A00B70EAB /* StorageManager.swift in Sources */ = {isa = PBXBuildFile; fileRef = DF6668BF27733D4A00B70EAB /* StorageManager.swift */; };
		DF696C532776205D00ED70B6 /* PayWallViewController.swift in Sources */ = {isa = PBXBuildFile; fileRef = DF696C522776205D00ED70B6 /* PayWallViewController.swift */; };
		DF6DDB322777309800653809 /* PayWallDescriptionView.swift in Sources */ = {isa = PBXBuildFile; fileRef = DF6DDB312777309800653809 /* PayWallDescriptionView.swift */; };
		DF82DBB92774985000D78AEE /* GoogleService-Info.plist in Resources */ = {isa = PBXBuildFile; fileRef = DF82DBB82774985000D78AEE /* GoogleService-Info.plist */; };
		DF87F0C8277C698D00880385 /* LoginHeaderView.swift in Sources */ = {isa = PBXBuildFile; fileRef = DF87F0C7277C698D00880385 /* LoginHeaderView.swift */; };
		DF93BA19277639CB0024D769 /* PayWallHeaderView.swift in Sources */ = {isa = PBXBuildFile; fileRef = DF93BA18277639CB0024D769 /* PayWallHeaderView.swift */; };
		DF93BA1B27763B1C0024D769 /* Extensions.swift in Sources */ = {isa = PBXBuildFile; fileRef = DF93BA1A27763B1C0024D769 /* Extensions.swift */; };
/* End PBXBuildFile section */

/* Begin PBXFileReference section */
		3A39D1EC2A61A2166F66D678 /* Pods-BloggingApp.debug.xcconfig */ = {isa = PBXFileReference; includeInIndex = 1; lastKnownFileType = text.xcconfig; name = "Pods-BloggingApp.debug.xcconfig"; path = "Target Support Files/Pods-BloggingApp/Pods-BloggingApp.debug.xcconfig"; sourceTree = "<group>"; };
		9C389C589BA121D5E10932A3 /* Pods-BloggingApp.release.xcconfig */ = {isa = PBXFileReference; includeInIndex = 1; lastKnownFileType = text.xcconfig; name = "Pods-BloggingApp.release.xcconfig"; path = "Target Support Files/Pods-BloggingApp/Pods-BloggingApp.release.xcconfig"; sourceTree = "<group>"; };
		CE0561F2B09DDD75BA7B71F6 /* Pods_BloggingApp.framework */ = {isa = PBXFileReference; explicitFileType = wrapper.framework; includeInIndex = 0; path = Pods_BloggingApp.framework; sourceTree = BUILT_PRODUCTS_DIR; };
		DF02082A2774D15400A17D0C /* User.swift */ = {isa = PBXFileReference; lastKnownFileType = sourcecode.swift; path = User.swift; sourceTree = "<group>"; };
		DF02082C2774D16A00A17D0C /* BlogPost.swift */ = {isa = PBXFileReference; lastKnownFileType = sourcecode.swift; path = BlogPost.swift; sourceTree = "<group>"; };
		DF66688E2773342E00B70EAB /* BloggingApp.app */ = {isa = PBXFileReference; explicitFileType = wrapper.application; includeInIndex = 0; path = BloggingApp.app; sourceTree = BUILT_PRODUCTS_DIR; };
		DF6668912773342E00B70EAB /* AppDelegate.swift */ = {isa = PBXFileReference; lastKnownFileType = sourcecode.swift; path = AppDelegate.swift; sourceTree = "<group>"; };
		DF6668932773342E00B70EAB /* SceneDelegate.swift */ = {isa = PBXFileReference; lastKnownFileType = sourcecode.swift; path = SceneDelegate.swift; sourceTree = "<group>"; };
		DF6668952773342E00B70EAB /* HomeViewController.swift */ = {isa = PBXFileReference; lastKnownFileType = sourcecode.swift; path = HomeViewController.swift; sourceTree = "<group>"; };
		DF66689A2773342E00B70EAB /* Assets.xcassets */ = {isa = PBXFileReference; lastKnownFileType = folder.assetcatalog; path = Assets.xcassets; sourceTree = "<group>"; };
		DF66689D2773342E00B70EAB /* Base */ = {isa = PBXFileReference; lastKnownFileType = file.storyboard; name = Base; path = Base.lproj/LaunchScreen.storyboard; sourceTree = "<group>"; };
		DF66689F2773342E00B70EAB /* Info.plist */ = {isa = PBXFileReference; lastKnownFileType = text.plist.xml; path = Info.plist; sourceTree = "<group>"; };
		DF6668AA27733AC000B70EAB /* ProfileViewController.swift */ = {isa = PBXFileReference; lastKnownFileType = sourcecode.swift; path = ProfileViewController.swift; sourceTree = "<group>"; };
		DF6668AC27733B4500B70EAB /* TabBarViewController.swift */ = {isa = PBXFileReference; lastKnownFileType = sourcecode.swift; path = TabBarViewController.swift; sourceTree = "<group>"; };
		DF6668AE27733BA700B70EAB /* LoginViewController.swift */ = {isa = PBXFileReference; lastKnownFileType = sourcecode.swift; path = LoginViewController.swift; sourceTree = "<group>"; };
		DF6668B027733BB100B70EAB /* RegisterViewController.swift */ = {isa = PBXFileReference; lastKnownFileType = sourcecode.swift; path = RegisterViewController.swift; sourceTree = "<group>"; };
		DF6668B527733C3C00B70EAB /* ViewPostViewController.swift */ = {isa = PBXFileReference; lastKnownFileType = sourcecode.swift; path = ViewPostViewController.swift; sourceTree = "<group>"; };
		DF6668B727733C5F00B70EAB /* CreateNewPostViewController.swift */ = {isa = PBXFileReference; lastKnownFileType = sourcecode.swift; path = CreateNewPostViewController.swift; sourceTree = "<group>"; };
		DF6668B927733CF600B70EAB /* IAPManager.swift */ = {isa = PBXFileReference; lastKnownFileType = sourcecode.swift; path = IAPManager.swift; sourceTree = "<group>"; };
		DF6668BB27733D1C00B70EAB /* DatabaseManager.swift */ = {isa = PBXFileReference; lastKnownFileType = sourcecode.swift; path = DatabaseManager.swift; sourceTree = "<group>"; };
		DF6668BD27733D3300B70EAB /* AuthManager.swift */ = {isa = PBXFileReference; lastKnownFileType = sourcecode.swift; path = AuthManager.swift; sourceTree = "<group>"; };
		DF6668BF27733D4A00B70EAB /* StorageManager.swift */ = {isa = PBXFileReference; lastKnownFileType = sourcecode.swift; path = StorageManager.swift; sourceTree = "<group>"; };
		DF696C522776205D00ED70B6 /* PayWallViewController.swift */ = {isa = PBXFileReference; lastKnownFileType = sourcecode.swift; path = PayWallViewController.swift; sourceTree = "<group>"; };
		DF696C542776246300ED70B6 /* Configuration.storekit */ = {isa = PBXFileReference; lastKnownFileType = text; path = Configuration.storekit; sourceTree = "<group>"; };
		DF6DDB312777309800653809 /* PayWallDescriptionView.swift */ = {isa = PBXFileReference; lastKnownFileType = sourcecode.swift; path = PayWallDescriptionView.swift; sourceTree = "<group>"; };
		DF82DBB82774985000D78AEE /* GoogleService-Info.plist */ = {isa = PBXFileReference; fileEncoding = 4; lastKnownFileType = text.plist.xml; path = "GoogleService-Info.plist"; sourceTree = "<group>"; };
		DF87F0C7277C698D00880385 /* LoginHeaderView.swift */ = {isa = PBXFileReference; lastKnownFileType = sourcecode.swift; path = LoginHeaderView.swift; sourceTree = "<group>"; };
		DF93BA18277639CB0024D769 /* PayWallHeaderView.swift */ = {isa = PBXFileReference; lastKnownFileType = sourcecode.swift; path = PayWallHeaderView.swift; sourceTree = "<group>"; };
		DF93BA1A27763B1C0024D769 /* Extensions.swift */ = {isa = PBXFileReference; lastKnownFileType = sourcecode.swift; path = Extensions.swift; sourceTree = "<group>"; };
/* End PBXFileReference section */

/* Begin PBXFrameworksBuildPhase section */
		DF66688B2773342E00B70EAB /* Frameworks */ = {
			isa = PBXFrameworksBuildPhase;
			buildActionMask = 2147483647;
			files = (
				B33C6EF36E38A35AEDE15B89 /* Pods_BloggingApp.framework in Frameworks */,
			);
			runOnlyForDeploymentPostprocessing = 0;
		};
/* End PBXFrameworksBuildPhase section */

/* Begin PBXGroup section */
		17A37E47114D2AC41C23240A /* Pods */ = {
			isa = PBXGroup;
			children = (
				3A39D1EC2A61A2166F66D678 /* Pods-BloggingApp.debug.xcconfig */,
				9C389C589BA121D5E10932A3 /* Pods-BloggingApp.release.xcconfig */,
			);
			path = Pods;
			sourceTree = "<group>";
		};
		DF6668852773342E00B70EAB = {
			isa = PBXGroup;
			children = (
				DF6668902773342E00B70EAB /* BloggingApp */,
				DF66688F2773342E00B70EAB /* Products */,
				17A37E47114D2AC41C23240A /* Pods */,
				F73C0093EDD41F262859922B /* Frameworks */,
			);
			sourceTree = "<group>";
		};
		DF66688F2773342E00B70EAB /* Products */ = {
			isa = PBXGroup;
			children = (
				DF66688E2773342E00B70EAB /* BloggingApp.app */,
			);
			name = Products;
			sourceTree = "<group>";
		};
		DF6668902773342E00B70EAB /* BloggingApp */ = {
			isa = PBXGroup;
			children = (
				DF6668A927733A1100B70EAB /* Managers */,
				DF6668A827733A0100B70EAB /* Other */,
				DF6668A7277339EB00B70EAB /* Controllers */,
				DF6668A6277339DD00B70EAB /* Views */,
				DF6668A5277339D100B70EAB /* Models */,
				DF66689F2773342E00B70EAB /* Info.plist */,
			);
			path = BloggingApp;
			sourceTree = "<group>";
		};
		DF6668A5277339D100B70EAB /* Models */ = {
			isa = PBXGroup;
			children = (
				DF02082A2774D15400A17D0C /* User.swift */,
				DF02082C2774D16A00A17D0C /* BlogPost.swift */,
			);
			path = Models;
			sourceTree = "<group>";
		};
		DF6668A6277339DD00B70EAB /* Views */ = {
			isa = PBXGroup;
			children = (
				DF66689C2773342E00B70EAB /* LaunchScreen.storyboard */,
				DF93BA18277639CB0024D769 /* PayWallHeaderView.swift */,
				DF6DDB312777309800653809 /* PayWallDescriptionView.swift */,
				DF87F0C7277C698D00880385 /* LoginHeaderView.swift */,
			);
			path = Views;
			sourceTree = "<group>";
		};
		DF6668A7277339EB00B70EAB /* Controllers */ = {
			isa = PBXGroup;
			children = (
				DF696C512776203C00ED70B6 /* Other */,
				DF6668C1277342F100B70EAB /* Core Tabs */,
				DF6668B427733C0200B70EAB /* Login */,
				DF6668C22773432700B70EAB /* Posts */,
			);
			path = Controllers;
			sourceTree = "<group>";
		};
		DF6668A827733A0100B70EAB /* Other */ = {
			isa = PBXGroup;
			children = (
				DF66689A2773342E00B70EAB /* Assets.xcassets */,
				DF82DBB82774985000D78AEE /* GoogleService-Info.plist */,
				DF6668912773342E00B70EAB /* AppDelegate.swift */,
				DF6668932773342E00B70EAB /* SceneDelegate.swift */,
				DF93BA1A27763B1C0024D769 /* Extensions.swift */,
			);
			path = Other;
			sourceTree = "<group>";
		};
		DF6668A927733A1100B70EAB /* Managers */ = {
			isa = PBXGroup;
			children = (
				DF6668B927733CF600B70EAB /* IAPManager.swift */,
				DF6668BB27733D1C00B70EAB /* DatabaseManager.swift */,
				DF6668BD27733D3300B70EAB /* AuthManager.swift */,
				DF6668BF27733D4A00B70EAB /* StorageManager.swift */,
			);
			path = Managers;
			sourceTree = "<group>";
		};
		DF6668B427733C0200B70EAB /* Login */ = {
			isa = PBXGroup;
			children = (
				DF6668AE27733BA700B70EAB /* LoginViewController.swift */,
				DF6668B027733BB100B70EAB /* RegisterViewController.swift */,
			);
			path = Login;
			sourceTree = "<group>";
		};
		DF6668C1277342F100B70EAB /* Core Tabs */ = {
			isa = PBXGroup;
			children = (
				DF6668952773342E00B70EAB /* HomeViewController.swift */,
				DF6668AA27733AC000B70EAB /* ProfileViewController.swift */,
				DF6668AC27733B4500B70EAB /* TabBarViewController.swift */,
				DF696C542776246300ED70B6 /* Configuration.storekit */,
			);
			path = "Core Tabs";
			sourceTree = "<group>";
		};
		DF6668C22773432700B70EAB /* Posts */ = {
			isa = PBXGroup;
			children = (
				DF6668B727733C5F00B70EAB /* CreateNewPostViewController.swift */,
				DF6668B527733C3C00B70EAB /* ViewPostViewController.swift */,
			);
			path = Posts;
			sourceTree = "<group>";
		};
		DF696C512776203C00ED70B6 /* Other */ = {
			isa = PBXGroup;
			children = (
				DF696C522776205D00ED70B6 /* PayWallViewController.swift */,
			);
			path = Other;
			sourceTree = "<group>";
		};
		F73C0093EDD41F262859922B /* Frameworks */ = {
			isa = PBXGroup;
			children = (
				CE0561F2B09DDD75BA7B71F6 /* Pods_BloggingApp.framework */,
			);
			name = Frameworks;
			sourceTree = "<group>";
		};
/* End PBXGroup section */

/* Begin PBXNativeTarget section */
		DF66688D2773342E00B70EAB /* BloggingApp */ = {
			isa = PBXNativeTarget;
			buildConfigurationList = DF6668A22773342E00B70EAB /* Build configuration list for PBXNativeTarget "BloggingApp" */;
			buildPhases = (
				449B1DD7182B8AAA55F6D582 /* [CP] Check Pods Manifest.lock */,
				DF66688A2773342E00B70EAB /* Sources */,
				DF66688B2773342E00B70EAB /* Frameworks */,
				DF66688C2773342E00B70EAB /* Resources */,
				F931CCB646F4397BA89D5666 /* [CP] Embed Pods Frameworks */,
			);
			buildRules = (
			);
			dependencies = (
			);
			name = BloggingApp;
			productName = BloggingApp;
			productReference = DF66688E2773342E00B70EAB /* BloggingApp.app */;
			productType = "com.apple.product-type.application";
		};
/* End PBXNativeTarget section */

/* Begin PBXProject section */
		DF6668862773342E00B70EAB /* Project object */ = {
			isa = PBXProject;
			attributes = {
				BuildIndependentTargetsInParallel = 1;
				LastSwiftUpdateCheck = 1320;
				LastUpgradeCheck = 1320;
				TargetAttributes = {
					DF66688D2773342E00B70EAB = {
						CreatedOnToolsVersion = 13.2.1;
					};
				};
			};
			buildConfigurationList = DF6668892773342E00B70EAB /* Build configuration list for PBXProject "BloggingApp" */;
			compatibilityVersion = "Xcode 13.0";
			developmentRegion = en;
			hasScannedForEncodings = 0;
			knownRegions = (
				en,
				Base,
			);
			mainGroup = DF6668852773342E00B70EAB;
			productRefGroup = DF66688F2773342E00B70EAB /* Products */;
			projectDirPath = "";
			projectRoot = "";
			targets = (
				DF66688D2773342E00B70EAB /* BloggingApp */,
			);
		};
/* End PBXProject section */

/* Begin PBXResourcesBuildPhase section */
		DF66688C2773342E00B70EAB /* Resources */ = {
			isa = PBXResourcesBuildPhase;
			buildActionMask = 2147483647;
			files = (
				DF66689E2773342E00B70EAB /* LaunchScreen.storyboard in Resources */,
				DF66689B2773342E00B70EAB /* Assets.xcassets in Resources */,
				DF82DBB92774985000D78AEE /* GoogleService-Info.plist in Resources */,
			);
			runOnlyForDeploymentPostprocessing = 0;
		};
/* End PBXResourcesBuildPhase section */

/* Begin PBXShellScriptBuildPhase section */
		449B1DD7182B8AAA55F6D582 /* [CP] Check Pods Manifest.lock */ = {
			isa = PBXShellScriptBuildPhase;
			buildActionMask = 2147483647;
			files = (
			);
			inputFileListPaths = (
			);
			inputPaths = (
				"${PODS_PODFILE_DIR_PATH}/Podfile.lock",
				"${PODS_ROOT}/Manifest.lock",
			);
			name = "[CP] Check Pods Manifest.lock";
			outputFileListPaths = (
			);
			outputPaths = (
				"$(DERIVED_FILE_DIR)/Pods-BloggingApp-checkManifestLockResult.txt",
			);
			runOnlyForDeploymentPostprocessing = 0;
			shellPath = /bin/sh;
			shellScript = "diff \"${PODS_PODFILE_DIR_PATH}/Podfile.lock\" \"${PODS_ROOT}/Manifest.lock\" > /dev/null\nif [ $? != 0 ] ; then\n    # print error to STDERR\n    echo \"error: The sandbox is not in sync with the Podfile.lock. Run 'pod install' or update your CocoaPods installation.\" >&2\n    exit 1\nfi\n# This output is used by Xcode 'outputs' to avoid re-running this script phase.\necho \"SUCCESS\" > \"${SCRIPT_OUTPUT_FILE_0}\"\n";
			showEnvVarsInLog = 0;
		};
		F931CCB646F4397BA89D5666 /* [CP] Embed Pods Frameworks */ = {
			isa = PBXShellScriptBuildPhase;
			buildActionMask = 2147483647;
			files = (
			);
			inputFileListPaths = (
				"${PODS_ROOT}/Target Support Files/Pods-BloggingApp/Pods-BloggingApp-frameworks-${CONFIGURATION}-input-files.xcfilelist",
			);
			name = "[CP] Embed Pods Frameworks";
			outputFileListPaths = (
				"${PODS_ROOT}/Target Support Files/Pods-BloggingApp/Pods-BloggingApp-frameworks-${CONFIGURATION}-output-files.xcfilelist",
			);
			runOnlyForDeploymentPostprocessing = 0;
			shellPath = /bin/sh;
			shellScript = "\"${PODS_ROOT}/Target Support Files/Pods-BloggingApp/Pods-BloggingApp-frameworks.sh\"\n";
			showEnvVarsInLog = 0;
		};
/* End PBXShellScriptBuildPhase section */

/* Begin PBXSourcesBuildPhase section */
		DF66688A2773342E00B70EAB /* Sources */ = {
			isa = PBXSourcesBuildPhase;
			buildActionMask = 2147483647;
			files = (
				DF02082D2774D16A00A17D0C /* BlogPost.swift in Sources */,
				DF87F0C8277C698D00880385 /* LoginHeaderView.swift in Sources */,
				DF6DDB322777309800653809 /* PayWallDescriptionView.swift in Sources */,
				DF93BA1B27763B1C0024D769 /* Extensions.swift in Sources */,
				DF6668AF27733BA700B70EAB /* LoginViewController.swift in Sources */,
				DF6668BA27733CF600B70EAB /* IAPManager.swift in Sources */,
				DF6668C027733D4A00B70EAB /* StorageManager.swift in Sources */,
				DF6668BE27733D3300B70EAB /* AuthManager.swift in Sources */,
				DF93BA19277639CB0024D769 /* PayWallHeaderView.swift in Sources */,
				DF6668962773342E00B70EAB /* HomeViewController.swift in Sources */,
				DF6668B127733BB100B70EAB /* RegisterViewController.swift in Sources */,
				DF02082B2774D15400A17D0C /* User.swift in Sources */,
				DF6668922773342E00B70EAB /* AppDelegate.swift in Sources */,
				DF6668B627733C3C00B70EAB /* ViewPostViewController.swift in Sources */,
				DF6668AB27733AC000B70EAB /* ProfileViewController.swift in Sources */,
				DF6668BC27733D1C00B70EAB /* DatabaseManager.swift in Sources */,
				DF6668AD27733B4500B70EAB /* TabBarViewController.swift in Sources */,
				DF6668942773342E00B70EAB /* SceneDelegate.swift in Sources */,
				DF6668B827733C5F00B70EAB /* CreateNewPostViewController.swift in Sources */,
				DF696C532776205D00ED70B6 /* PayWallViewController.swift in Sources */,
			);
			runOnlyForDeploymentPostprocessing = 0;
		};
/* End PBXSourcesBuildPhase section */

/* Begin PBXVariantGroup section */
		DF66689C2773342E00B70EAB /* LaunchScreen.storyboard */ = {
			isa = PBXVariantGroup;
			children = (
				DF66689D2773342E00B70EAB /* Base */,
			);
			name = LaunchScreen.storyboard;
			sourceTree = "<group>";
		};
/* End PBXVariantGroup section */

/* Begin XCBuildConfiguration section */
		DF6668A02773342E00B70EAB /* Debug */ = {
			isa = XCBuildConfiguration;
			buildSettings = {
				ALWAYS_SEARCH_USER_PATHS = NO;
				CLANG_ANALYZER_NONNULL = YES;
				CLANG_ANALYZER_NUMBER_OBJECT_CONVERSION = YES_AGGRESSIVE;
				CLANG_CXX_LANGUAGE_STANDARD = "gnu++17";
				CLANG_CXX_LIBRARY = "libc++";
				CLANG_ENABLE_MODULES = YES;
				CLANG_ENABLE_OBJC_ARC = YES;
				CLANG_ENABLE_OBJC_WEAK = YES;
				CLANG_WARN_BLOCK_CAPTURE_AUTORELEASING = YES;
				CLANG_WARN_BOOL_CONVERSION = YES;
				CLANG_WARN_COMMA = YES;
				CLANG_WARN_CONSTANT_CONVERSION = YES;
				CLANG_WARN_DEPRECATED_OBJC_IMPLEMENTATIONS = YES;
				CLANG_WARN_DIRECT_OBJC_ISA_USAGE = YES_ERROR;
				CLANG_WARN_DOCUMENTATION_COMMENTS = YES;
				CLANG_WARN_EMPTY_BODY = YES;
				CLANG_WARN_ENUM_CONVERSION = YES;
				CLANG_WARN_INFINITE_RECURSION = YES;
				CLANG_WARN_INT_CONVERSION = YES;
				CLANG_WARN_NON_LITERAL_NULL_CONVERSION = YES;
				CLANG_WARN_OBJC_IMPLICIT_RETAIN_SELF = YES;
				CLANG_WARN_OBJC_LITERAL_CONVERSION = YES;
				CLANG_WARN_OBJC_ROOT_CLASS = YES_ERROR;
				CLANG_WARN_QUOTED_INCLUDE_IN_FRAMEWORK_HEADER = YES;
				CLANG_WARN_RANGE_LOOP_ANALYSIS = YES;
				CLANG_WARN_STRICT_PROTOTYPES = YES;
				CLANG_WARN_SUSPICIOUS_MOVE = YES;
				CLANG_WARN_UNGUARDED_AVAILABILITY = YES_AGGRESSIVE;
				CLANG_WARN_UNREACHABLE_CODE = YES;
				CLANG_WARN__DUPLICATE_METHOD_MATCH = YES;
				COPY_PHASE_STRIP = NO;
				DEBUG_INFORMATION_FORMAT = dwarf;
				ENABLE_STRICT_OBJC_MSGSEND = YES;
				ENABLE_TESTABILITY = YES;
				GCC_C_LANGUAGE_STANDARD = gnu11;
				GCC_DYNAMIC_NO_PIC = NO;
				GCC_NO_COMMON_BLOCKS = YES;
				GCC_OPTIMIZATION_LEVEL = 0;
				GCC_PREPROCESSOR_DEFINITIONS = (
					"DEBUG=1",
					"$(inherited)",
				);
				GCC_WARN_64_TO_32_BIT_CONVERSION = YES;
				GCC_WARN_ABOUT_RETURN_TYPE = YES_ERROR;
				GCC_WARN_UNDECLARED_SELECTOR = YES;
				GCC_WARN_UNINITIALIZED_AUTOS = YES_AGGRESSIVE;
				GCC_WARN_UNUSED_FUNCTION = YES;
				GCC_WARN_UNUSED_VARIABLE = YES;
				IPHONEOS_DEPLOYMENT_TARGET = 15.2;
				MTL_ENABLE_DEBUG_INFO = INCLUDE_SOURCE;
				MTL_FAST_MATH = YES;
				ONLY_ACTIVE_ARCH = YES;
				SDKROOT = iphoneos;
				SWIFT_ACTIVE_COMPILATION_CONDITIONS = DEBUG;
				SWIFT_OPTIMIZATION_LEVEL = "-Onone";
			};
			name = Debug;
		};
		DF6668A12773342E00B70EAB /* Release */ = {
			isa = XCBuildConfiguration;
			buildSettings = {
				ALWAYS_SEARCH_USER_PATHS = NO;
				CLANG_ANALYZER_NONNULL = YES;
				CLANG_ANALYZER_NUMBER_OBJECT_CONVERSION = YES_AGGRESSIVE;
				CLANG_CXX_LANGUAGE_STANDARD = "gnu++17";
				CLANG_CXX_LIBRARY = "libc++";
				CLANG_ENABLE_MODULES = YES;
				CLANG_ENABLE_OBJC_ARC = YES;
				CLANG_ENABLE_OBJC_WEAK = YES;
				CLANG_WARN_BLOCK_CAPTURE_AUTORELEASING = YES;
				CLANG_WARN_BOOL_CONVERSION = YES;
				CLANG_WARN_COMMA = YES;
				CLANG_WARN_CONSTANT_CONVERSION = YES;
				CLANG_WARN_DEPRECATED_OBJC_IMPLEMENTATIONS = YES;
				CLANG_WARN_DIRECT_OBJC_ISA_USAGE = YES_ERROR;
				CLANG_WARN_DOCUMENTATION_COMMENTS = YES;
				CLANG_WARN_EMPTY_BODY = YES;
				CLANG_WARN_ENUM_CONVERSION = YES;
				CLANG_WARN_INFINITE_RECURSION = YES;
				CLANG_WARN_INT_CONVERSION = YES;
				CLANG_WARN_NON_LITERAL_NULL_CONVERSION = YES;
				CLANG_WARN_OBJC_IMPLICIT_RETAIN_SELF = YES;
				CLANG_WARN_OBJC_LITERAL_CONVERSION = YES;
				CLANG_WARN_OBJC_ROOT_CLASS = YES_ERROR;
				CLANG_WARN_QUOTED_INCLUDE_IN_FRAMEWORK_HEADER = YES;
				CLANG_WARN_RANGE_LOOP_ANALYSIS = YES;
				CLANG_WARN_STRICT_PROTOTYPES = YES;
				CLANG_WARN_SUSPICIOUS_MOVE = YES;
				CLANG_WARN_UNGUARDED_AVAILABILITY = YES_AGGRESSIVE;
				CLANG_WARN_UNREACHABLE_CODE = YES;
				CLANG_WARN__DUPLICATE_METHOD_MATCH = YES;
				COPY_PHASE_STRIP = NO;
				DEBUG_INFORMATION_FORMAT = "dwarf-with-dsym";
				ENABLE_NS_ASSERTIONS = NO;
				ENABLE_STRICT_OBJC_MSGSEND = YES;
				GCC_C_LANGUAGE_STANDARD = gnu11;
				GCC_NO_COMMON_BLOCKS = YES;
				GCC_WARN_64_TO_32_BIT_CONVERSION = YES;
				GCC_WARN_ABOUT_RETURN_TYPE = YES_ERROR;
				GCC_WARN_UNDECLARED_SELECTOR = YES;
				GCC_WARN_UNINITIALIZED_AUTOS = YES_AGGRESSIVE;
				GCC_WARN_UNUSED_FUNCTION = YES;
				GCC_WARN_UNUSED_VARIABLE = YES;
				IPHONEOS_DEPLOYMENT_TARGET = 15.2;
				MTL_ENABLE_DEBUG_INFO = NO;
				MTL_FAST_MATH = YES;
				SDKROOT = iphoneos;
				SWIFT_COMPILATION_MODE = wholemodule;
				SWIFT_OPTIMIZATION_LEVEL = "-O";
				VALIDATE_PRODUCT = YES;
			};
			name = Release;
		};
		DF6668A32773342E00B70EAB /* Debug */ = {
			isa = XCBuildConfiguration;
			baseConfigurationReference = 3A39D1EC2A61A2166F66D678 /* Pods-BloggingApp.debug.xcconfig */;
			buildSettings = {
				ASSETCATALOG_COMPILER_APPICON_NAME = AppIcon;
				ASSETCATALOG_COMPILER_GLOBAL_ACCENT_COLOR_NAME = AccentColor;
				CODE_SIGN_STYLE = Automatic;
				CURRENT_PROJECT_VERSION = 1;
				DEVELOPMENT_TEAM = UNQVQM5ZA2;
				GENERATE_INFOPLIST_FILE = YES;
				INFOPLIST_FILE = BloggingApp/Info.plist;
				INFOPLIST_KEY_UIApplicationSupportsIndirectInputEvents = YES;
				INFOPLIST_KEY_UILaunchStoryboardName = LaunchScreen;
				INFOPLIST_KEY_UISupportedInterfaceOrientations = UIInterfaceOrientationPortrait;
				INFOPLIST_KEY_UISupportedInterfaceOrientations_iPad = "UIInterfaceOrientationPortrait UIInterfaceOrientationPortraitUpsideDown UIInterfaceOrientationLandscapeLeft UIInterfaceOrientationLandscapeRight";
				INFOPLIST_KEY_UISupportedInterfaceOrientations_iPhone = "UIInterfaceOrientationPortrait UIInterfaceOrientationLandscapeLeft UIInterfaceOrientationLandscapeRight";
				IPHONEOS_DEPLOYMENT_TARGET = 13.6;
				LD_RUNPATH_SEARCH_PATHS = (
					"$(inherited)",
					"@executable_path/Frameworks",
				);
				MARKETING_VERSION = 1.0;
				PRODUCT_BUNDLE_IDENTIFIER = Practice.BloggingApp;
				PRODUCT_NAME = "$(TARGET_NAME)";
				SWIFT_EMIT_LOC_STRINGS = YES;
				SWIFT_VERSION = 5.0;
				TARGETED_DEVICE_FAMILY = 1;
			};
			name = Debug;
		};
		DF6668A42773342E00B70EAB /* Release */ = {
			isa = XCBuildConfiguration;
			baseConfigurationReference = 9C389C589BA121D5E10932A3 /* Pods-BloggingApp.release.xcconfig */;
			buildSettings = {
				ASSETCATALOG_COMPILER_APPICON_NAME = AppIcon;
				ASSETCATALOG_COMPILER_GLOBAL_ACCENT_COLOR_NAME = AccentColor;
				CODE_SIGN_STYLE = Automatic;
				CURRENT_PROJECT_VERSION = 1;
				DEVELOPMENT_TEAM = UNQVQM5ZA2;
				GENERATE_INFOPLIST_FILE = YES;
				INFOPLIST_FILE = BloggingApp/Info.plist;
				INFOPLIST_KEY_UIApplicationSupportsIndirectInputEvents = YES;
				INFOPLIST_KEY_UILaunchStoryboardName = LaunchScreen;
				INFOPLIST_KEY_UISupportedInterfaceOrientations = UIInterfaceOrientationPortrait;
				INFOPLIST_KEY_UISupportedInterfaceOrientations_iPad = "UIInterfaceOrientationPortrait UIInterfaceOrientationPortraitUpsideDown UIInterfaceOrientationLandscapeLeft UIInterfaceOrientationLandscapeRight";
				INFOPLIST_KEY_UISupportedInterfaceOrientations_iPhone = "UIInterfaceOrientationPortrait UIInterfaceOrientationLandscapeLeft UIInterfaceOrientationLandscapeRight";
				IPHONEOS_DEPLOYMENT_TARGET = 13.6;
				LD_RUNPATH_SEARCH_PATHS = (
					"$(inherited)",
					"@executable_path/Frameworks",
				);
				MARKETING_VERSION = 1.0;
				PRODUCT_BUNDLE_IDENTIFIER = Practice.BloggingApp;
				PRODUCT_NAME = "$(TARGET_NAME)";
				SWIFT_EMIT_LOC_STRINGS = YES;
				SWIFT_VERSION = 5.0;
				TARGETED_DEVICE_FAMILY = 1;
			};
			name = Release;
		};
/* End XCBuildConfiguration section */

/* Begin XCConfigurationList section */
		DF6668892773342E00B70EAB /* Build configuration list for PBXProject "BloggingApp" */ = {
			isa = XCConfigurationList;
			buildConfigurations = (
				DF6668A02773342E00B70EAB /* Debug */,
				DF6668A12773342E00B70EAB /* Release */,
			);
			defaultConfigurationIsVisible = 0;
			defaultConfigurationName = Release;
		};
		DF6668A22773342E00B70EAB /* Build configuration list for PBXNativeTarget "BloggingApp" */ = {
			isa = XCConfigurationList;
			buildConfigurations = (
				DF6668A32773342E00B70EAB /* Debug */,
				DF6668A42773342E00B70EAB /* Release */,
			);
			defaultConfigurationIsVisible = 0;
			defaultConfigurationName = Release;
		};
/* End XCConfigurationList section */
	};
	rootObject = DF6668862773342E00B70EAB /* Project object */;
}
